{
  "name": "module_8_tafmuz559_fto2403_groupa1_tafadzwa-muzamindo_sdf08",
  "version": "1.0.0",
  "lockfileVersion": 3,
  "requires": true,
  "packages": {
    "": {
      "name": "module_8_tafmuz559_fto2403_groupa1_tafadzwa-muzamindo_sdf08",
      "version": "1.0.0",
      "license": "ISC"
    }
  }
}
